
Microsoft Visual Studio Solution File, Format Version 12.00
# Visual Studio Version 16
VisualStudioVersion = 16.0.30413.136
MinimumVisualStudioVersion = 10.0.40219.1
Project("{FAE04EC0-301F-11D3-BF4B-00C04F79EFBC}") = "NetworkManagementSystem", "NetworkManagementSystem\NetworkManagementSystem.csproj", "{900AEBBC-32C3-4056-BA7C-0F99943AE623}"
EndProject
Global
	GlobalSection(SolutionConfigurationPlatforms) = preSolution
		Debug|Any CPU = Debug|Any CPU
		Release|Any CPU = Release|Any CPU
	EndGlobalSection
	GlobalSection(ProjectConfigurationPlatforms) = postSolution
		{900AEBBC-32C3-4056-BA7C-0F99943AE623}.Debug|Any CPU.ActiveCfg = Debug|Any CPU
		{900AEBBC-32C3-4056-BA7C-0F99943AE623}.Debug|Any CPU.Build.0 = Debug|Any CPU
		{900AEBBC-32C3-4056-BA7C-0F99943AE623}.Release|Any CPU.ActiveCfg = Release|Any CPU
		{900AEBBC-32C3-4056-BA7C-0F99943AE623}.Release|Any CPU.Build.0 = Release|Any CPU
	EndGlobalSection
	GlobalSection(SolutionProperties) = preSolution
		HideSolutionNode = FALSE
	EndGlobalSection
	GlobalSection(ExtensibilityGlobals) = postSolution
		SolutionGuid = {60CFA8C9-222F-48DC-8A00-A0D643B8BEBD}
	EndGlobalSection
EndGlobal
